
Microsoft Visual Studio Solution File, Format Version 12.00
# Visual Studio Version 16
VisualStudioVersion = 16.0.31702.278
MinimumVisualStudioVersion = 10.0.40219.1
Project("{FAE04EC0-301F-11D3-BF4B-00C04F79EFBC}") = "RemoteSystemClient", "RemoteSystemClient\RemoteSystemClient.csproj", "{79B7ED19-1C4E-40A2-9D70-DC8E22C91A9C}"
EndProject
Project("{FAE04EC0-301F-11D3-BF4B-00C04F79EFBC}") = "RemoteSystemManager", "RemoteSystemManager\RemoteSystemManager.csproj", "{83672A0F-170B-44FE-9843-29E5B3DF22B1}"
EndProject
Project("{FAE04EC0-301F-11D3-BF4B-00C04F79EFBC}") = "RemoteSystemProtobuf", "RemoteSystemProtobuf\RemoteSystemProtobuf.csproj", "{3C703B6B-4742-428B-8D83-0A31F5FBB1EE}"
EndProject
Global
	GlobalSection(SolutionConfigurationPlatforms) = preSolution
		Debug|Any CPU = Debug|Any CPU
		Release|Any CPU = Release|Any CPU
	EndGlobalSection
	GlobalSection(ProjectConfigurationPlatforms) = postSolution
		{79B7ED19-1C4E-40A2-9D70-DC8E22C91A9C}.Debug|Any CPU.ActiveCfg = Debug|Any CPU
		{79B7ED19-1C4E-40A2-9D70-DC8E22C91A9C}.Debug|Any CPU.Build.0 = Debug|Any CPU
		{79B7ED19-1C4E-40A2-9D70-DC8E22C91A9C}.Release|Any CPU.ActiveCfg = Release|Any CPU
		{79B7ED19-1C4E-40A2-9D70-DC8E22C91A9C}.Release|Any CPU.Build.0 = Release|Any CPU
		{83672A0F-170B-44FE-9843-29E5B3DF22B1}.Debug|Any CPU.ActiveCfg = Debug|Any CPU
		{83672A0F-170B-44FE-9843-29E5B3DF22B1}.Debug|Any CPU.Build.0 = Debug|Any CPU
		{83672A0F-170B-44FE-9843-29E5B3DF22B1}.Release|Any CPU.ActiveCfg = Release|Any CPU
		{83672A0F-170B-44FE-9843-29E5B3DF22B1}.Release|Any CPU.Build.0 = Release|Any CPU
		{3C703B6B-4742-428B-8D83-0A31F5FBB1EE}.Debug|Any CPU.ActiveCfg = Debug|Any CPU
		{3C703B6B-4742-428B-8D83-0A31F5FBB1EE}.Debug|Any CPU.Build.0 = Debug|Any CPU
		{3C703B6B-4742-428B-8D83-0A31F5FBB1EE}.Release|Any CPU.ActiveCfg = Release|Any CPU
		{3C703B6B-4742-428B-8D83-0A31F5FBB1EE}.Release|Any CPU.Build.0 = Release|Any CPU
	EndGlobalSection
	GlobalSection(SolutionProperties) = preSolution
		HideSolutionNode = FALSE
	EndGlobalSection
	GlobalSection(ExtensibilityGlobals) = postSolution
		SolutionGuid = {288E61B2-6B0E-4B1C-9CDF-AE8A251B6637}
	EndGlobalSection
EndGlobal
